
Microsoft Visual Studio Solution File, Format Version 12.00
# Visual Studio 15
Project("{FAE04EC0-301F-11D3-BF4B-00C04F79EFBC}") = "Assembly-CSharp", "Assembly-CSharp.csproj", "{26FF986F-2257-87FC-DD9C-952DEBE48CB5}"
EndProject
Project("{FAE04EC0-301F-11D3-BF4B-00C04F79EFBC}") = "Assembly-CSharp-firstpass", "Assembly-CSharp-firstpass.csproj", "{BE84F0FC-757B-52FC-4156-04BA1F8CC7B7}"
EndProject
Project("{FAE04EC0-301F-11D3-BF4B-00C04F79EFBC}") = "Assembly-CSharp-Editor", "Assembly-CSharp-Editor.csproj", "{AABC608E-A6C5-62F7-BBD2-5AF10057F765}"
EndProject
Global
	GlobalSection(SolutionConfigurationPlatforms) = preSolution
		Debug|Any CPU = Debug|Any CPU
		Release|Any CPU = Release|Any CPU
	EndGlobalSection
	GlobalSection(ProjectConfigurationPlatforms) = postSolution
		{26FF986F-2257-87FC-DD9C-952DEBE48CB5}.Debug|Any CPU.ActiveCfg = Debug|Any CPU
		{26FF986F-2257-87FC-DD9C-952DEBE48CB5}.Debug|Any CPU.Build.0 = Debug|Any CPU
		{26FF986F-2257-87FC-DD9C-952DEBE48CB5}.Release|Any CPU.ActiveCfg = Release|Any CPU
		{26FF986F-2257-87FC-DD9C-952DEBE48CB5}.Release|Any CPU.Build.0 = Release|Any CPU
		{BE84F0FC-757B-52FC-4156-04BA1F8CC7B7}.Debug|Any CPU.ActiveCfg = Debug|Any CPU
		{BE84F0FC-757B-52FC-4156-04BA1F8CC7B7}.Debug|Any CPU.Build.0 = Debug|Any CPU
		{BE84F0FC-757B-52FC-4156-04BA1F8CC7B7}.Release|Any CPU.ActiveCfg = Release|Any CPU
		{BE84F0FC-757B-52FC-4156-04BA1F8CC7B7}.Release|Any CPU.Build.0 = Release|Any CPU
		{AABC608E-A6C5-62F7-BBD2-5AF10057F765}.Debug|Any CPU.ActiveCfg = Debug|Any CPU
		{AABC608E-A6C5-62F7-BBD2-5AF10057F765}.Debug|Any CPU.Build.0 = Debug|Any CPU
		{AABC608E-A6C5-62F7-BBD2-5AF10057F765}.Release|Any CPU.ActiveCfg = Release|Any CPU
		{AABC608E-A6C5-62F7-BBD2-5AF10057F765}.Release|Any CPU.Build.0 = Release|Any CPU
	EndGlobalSection
	GlobalSection(SolutionProperties) = preSolution
		HideSolutionNode = FALSE
	EndGlobalSection
EndGlobal
